
Microsoft Visual Studio Solution File, Format Version 12.00
# Visual Studio Version 17
VisualStudioVersion = 17.5.002.0
MinimumVisualStudioVersion = 10.0.40219.1
Project("{9A19103F-16F7-4668-BE54-9A1E7A4F7556}") = "taskManager", "taskManager.csproj", "{76C96C54-A136-4D1C-80C3-4975A82E8ED2}"
EndProject
Global
	GlobalSection(SolutionConfigurationPlatforms) = preSolution
		Debug|Any CPU = Debug|Any CPU
		Release|Any CPU = Release|Any CPU
	EndGlobalSection
	GlobalSection(ProjectConfigurationPlatforms) = postSolution
		{76C96C54-A136-4D1C-80C3-4975A82E8ED2}.Debug|Any CPU.ActiveCfg = Debug|Any CPU
		{76C96C54-A136-4D1C-80C3-4975A82E8ED2}.Debug|Any CPU.Build.0 = Debug|Any CPU
		{76C96C54-A136-4D1C-80C3-4975A82E8ED2}.Release|Any CPU.ActiveCfg = Release|Any CPU
		{76C96C54-A136-4D1C-80C3-4975A82E8ED2}.Release|Any CPU.Build.0 = Release|Any CPU
	EndGlobalSection
	GlobalSection(SolutionProperties) = preSolution
		HideSolutionNode = FALSE
	EndGlobalSection
	GlobalSection(ExtensibilityGlobals) = postSolution
		SolutionGuid = {3A326F3D-36F7-487E-9AFF-003AA27EBD5C}
	EndGlobalSection
EndGlobal
